
Microsoft Visual Studio Solution File, Format Version 12.00
# Visual Studio Version 17
VisualStudioVersion = 17.5.002.0
MinimumVisualStudioVersion = 10.0.40219.1
Project("{2150E333-8FDC-42A3-9474-1A3956D46DE8}") = "src", "src", "{641C8D36-3046-4F1F-8C6A-81F13DFE72ED}"
EndProject
Project("{9A19103F-16F7-4668-BE54-9A1E7A4F7556}") = "Domain", "src\Domain\Domain.csproj", "{2BF0BF9D-C162-47D5-B756-430A9C8F1977}"
EndProject
Project("{FAE04EC0-301F-11D3-BF4B-00C04F79EFBC}") = "Application", "src\Application\Application.csproj", "{A97347F5-60D9-4B5E-98C9-68C0A1DDB1F8}"
EndProject
Project("{FAE04EC0-301F-11D3-BF4B-00C04F79EFBC}") = "Host.Api", "src\Host.Api\Host.Api.csproj", "{9C51A860-C5F2-494C-A09F-985A1D5F2B5B}"
EndProject
Project("{FAE04EC0-301F-11D3-BF4B-00C04F79EFBC}") = "Host.Worker", "src\Host.Worker\Host.Worker.csproj", "{8877F348-F0FE-415B-A252-F37D18FE65FB}"
EndProject
Project("{FAE04EC0-301F-11D3-BF4B-00C04F79EFBC}") = "Infrastructure", "src\Infrastructure\Infrastructure.csproj", "{2DDE6A33-FDBC-4E03-848B-5BD71AF939EC}"
EndProject
Project("{2150E333-8FDC-42A3-9474-1A3956D46DE8}") = "test", "test", "{A495FE8F-2F4D-44EF-A7F6-BE18CF2456D5}"
EndProject
Project("{9A19103F-16F7-4668-BE54-9A1E7A4F7556}") = "Application.IntegrationTest", "test\Application.IntegrationTest\Application.IntegrationTest.csproj", "{2593FB1B-F69B-4BB9-83CA-B30E637940FB}"
EndProject
Project("{FAE04EC0-301F-11D3-BF4B-00C04F79EFBC}") = "Application.UnitTest", "test\Application.UnitTest\Application.UnitTest.csproj", "{A39B4543-720E-4270-98B1-2125FF548C14}"
EndProject
Project("{FAE04EC0-301F-11D3-BF4B-00C04F79EFBC}") = "Domain.UnitTest", "test\Domain.UnitTest\Domain.UnitTest.csproj", "{38058ADD-A212-4A65-A45F-A96B885BB0B3}"
EndProject
Project("{FAE04EC0-301F-11D3-BF4B-00C04F79EFBC}") = "Infrastructure.IntegrationTest", "test\Infrastructure.IntegrationTest\Infrastructure.IntegrationTest.csproj", "{35D31866-6086-4506-BE05-4D813B32F410}"
EndProject
Project("{FAE04EC0-301F-11D3-BF4B-00C04F79EFBC}") = "Infrastructure.UnitTest", "test\Infrastructure.UnitTest\Infrastructure.UnitTest.csproj", "{CE4D18EF-8293-4CAC-9857-091B868B70EF}"
EndProject
Global
	GlobalSection(SolutionConfigurationPlatforms) = preSolution
		Debug|Any CPU = Debug|Any CPU
		Release|Any CPU = Release|Any CPU
	EndGlobalSection
	GlobalSection(ProjectConfigurationPlatforms) = postSolution
		{2BF0BF9D-C162-47D5-B756-430A9C8F1977}.Debug|Any CPU.ActiveCfg = Debug|Any CPU
		{2BF0BF9D-C162-47D5-B756-430A9C8F1977}.Debug|Any CPU.Build.0 = Debug|Any CPU
		{2BF0BF9D-C162-47D5-B756-430A9C8F1977}.Release|Any CPU.ActiveCfg = Release|Any CPU
		{2BF0BF9D-C162-47D5-B756-430A9C8F1977}.Release|Any CPU.Build.0 = Release|Any CPU
		{A97347F5-60D9-4B5E-98C9-68C0A1DDB1F8}.Debug|Any CPU.ActiveCfg = Debug|Any CPU
		{A97347F5-60D9-4B5E-98C9-68C0A1DDB1F8}.Debug|Any CPU.Build.0 = Debug|Any CPU
		{A97347F5-60D9-4B5E-98C9-68C0A1DDB1F8}.Release|Any CPU.ActiveCfg = Release|Any CPU
		{A97347F5-60D9-4B5E-98C9-68C0A1DDB1F8}.Release|Any CPU.Build.0 = Release|Any CPU
		{9C51A860-C5F2-494C-A09F-985A1D5F2B5B}.Debug|Any CPU.ActiveCfg = Debug|Any CPU
		{9C51A860-C5F2-494C-A09F-985A1D5F2B5B}.Debug|Any CPU.Build.0 = Debug|Any CPU
		{9C51A860-C5F2-494C-A09F-985A1D5F2B5B}.Release|Any CPU.ActiveCfg = Release|Any CPU
		{9C51A860-C5F2-494C-A09F-985A1D5F2B5B}.Release|Any CPU.Build.0 = Release|Any CPU
		{8877F348-F0FE-415B-A252-F37D18FE65FB}.Debug|Any CPU.ActiveCfg = Debug|Any CPU
		{8877F348-F0FE-415B-A252-F37D18FE65FB}.Debug|Any CPU.Build.0 = Debug|Any CPU
		{8877F348-F0FE-415B-A252-F37D18FE65FB}.Release|Any CPU.ActiveCfg = Release|Any CPU
		{8877F348-F0FE-415B-A252-F37D18FE65FB}.Release|Any CPU.Build.0 = Release|Any CPU
		{2DDE6A33-FDBC-4E03-848B-5BD71AF939EC}.Debug|Any CPU.ActiveCfg = Debug|Any CPU
		{2DDE6A33-FDBC-4E03-848B-5BD71AF939EC}.Debug|Any CPU.Build.0 = Debug|Any CPU
		{2DDE6A33-FDBC-4E03-848B-5BD71AF939EC}.Release|Any CPU.ActiveCfg = Release|Any CPU
		{2DDE6A33-FDBC-4E03-848B-5BD71AF939EC}.Release|Any CPU.Build.0 = Release|Any CPU
		{2593FB1B-F69B-4BB9-83CA-B30E637940FB}.Debug|Any CPU.ActiveCfg = Debug|Any CPU
		{2593FB1B-F69B-4BB9-83CA-B30E637940FB}.Debug|Any CPU.Build.0 = Debug|Any CPU
		{2593FB1B-F69B-4BB9-83CA-B30E637940FB}.Release|Any CPU.ActiveCfg = Release|Any CPU
		{2593FB1B-F69B-4BB9-83CA-B30E637940FB}.Release|Any CPU.Build.0 = Release|Any CPU
		{A39B4543-720E-4270-98B1-2125FF548C14}.Debug|Any CPU.ActiveCfg = Debug|Any CPU
		{A39B4543-720E-4270-98B1-2125FF548C14}.Debug|Any CPU.Build.0 = Debug|Any CPU
		{A39B4543-720E-4270-98B1-2125FF548C14}.Release|Any CPU.ActiveCfg = Release|Any CPU
		{A39B4543-720E-4270-98B1-2125FF548C14}.Release|Any CPU.Build.0 = Release|Any CPU
		{38058ADD-A212-4A65-A45F-A96B885BB0B3}.Debug|Any CPU.ActiveCfg = Debug|Any CPU
		{38058ADD-A212-4A65-A45F-A96B885BB0B3}.Debug|Any CPU.Build.0 = Debug|Any CPU
		{38058ADD-A212-4A65-A45F-A96B885BB0B3}.Release|Any CPU.ActiveCfg = Release|Any CPU
		{38058ADD-A212-4A65-A45F-A96B885BB0B3}.Release|Any CPU.Build.0 = Release|Any CPU
		{35D31866-6086-4506-BE05-4D813B32F410}.Debug|Any CPU.ActiveCfg = Debug|Any CPU
		{35D31866-6086-4506-BE05-4D813B32F410}.Debug|Any CPU.Build.0 = Debug|Any CPU
		{35D31866-6086-4506-BE05-4D813B32F410}.Release|Any CPU.ActiveCfg = Release|Any CPU
		{35D31866-6086-4506-BE05-4D813B32F410}.Release|Any CPU.Build.0 = Release|Any CPU
		{CE4D18EF-8293-4CAC-9857-091B868B70EF}.Debug|Any CPU.ActiveCfg = Debug|Any CPU
		{CE4D18EF-8293-4CAC-9857-091B868B70EF}.Debug|Any CPU.Build.0 = Debug|Any CPU
		{CE4D18EF-8293-4CAC-9857-091B868B70EF}.Release|Any CPU.ActiveCfg = Release|Any CPU
		{CE4D18EF-8293-4CAC-9857-091B868B70EF}.Release|Any CPU.Build.0 = Release|Any CPU
	EndGlobalSection
	GlobalSection(SolutionProperties) = preSolution
		HideSolutionNode = FALSE
	EndGlobalSection
	GlobalSection(NestedProjects) = preSolution
		{2BF0BF9D-C162-47D5-B756-430A9C8F1977} = {641C8D36-3046-4F1F-8C6A-81F13DFE72ED}
		{A97347F5-60D9-4B5E-98C9-68C0A1DDB1F8} = {641C8D36-3046-4F1F-8C6A-81F13DFE72ED}
		{9C51A860-C5F2-494C-A09F-985A1D5F2B5B} = {641C8D36-3046-4F1F-8C6A-81F13DFE72ED}
		{8877F348-F0FE-415B-A252-F37D18FE65FB} = {641C8D36-3046-4F1F-8C6A-81F13DFE72ED}
		{2DDE6A33-FDBC-4E03-848B-5BD71AF939EC} = {641C8D36-3046-4F1F-8C6A-81F13DFE72ED}
		{2593FB1B-F69B-4BB9-83CA-B30E637940FB} = {A495FE8F-2F4D-44EF-A7F6-BE18CF2456D5}
		{A39B4543-720E-4270-98B1-2125FF548C14} = {A495FE8F-2F4D-44EF-A7F6-BE18CF2456D5}
		{38058ADD-A212-4A65-A45F-A96B885BB0B3} = {A495FE8F-2F4D-44EF-A7F6-BE18CF2456D5}
		{35D31866-6086-4506-BE05-4D813B32F410} = {A495FE8F-2F4D-44EF-A7F6-BE18CF2456D5}
		{CE4D18EF-8293-4CAC-9857-091B868B70EF} = {A495FE8F-2F4D-44EF-A7F6-BE18CF2456D5}
	EndGlobalSection
	GlobalSection(ExtensibilityGlobals) = postSolution
		SolutionGuid = {CE319D0A-F2BD-4BB3-962D-331AA3CFAECA}
	EndGlobalSection
EndGlobal
